lockfileVersion: '9.0'

settings:
  autoInstallPeers: true
  excludeLinksFromLockfile: false

importers:

  .:
    dependencies:
      ai:
        specifier: 7.0.105
        version: 7.0.105(zod@4.5.4)
      eve:
        specifier: 0.68.0
        version: 0.68.0(ai@7.0.105(zod@4.5.4))(just-bash@3.4.2)
      just-bash:
        specifier: 3.4.2
        version: 3.4.2
      zod:
        specifier: 4.5.4
        version: 4.5.4
    devDependencies:
      '@types/node':
        specifier: 24.0.0
        version: 24.0.0
      typescript:
        specifier: 5.9.3
        version: 5.9.3

packages:

  '@ai-sdk/gateway@4.0.85':
    resolution: {integrity: sha512-c8ztST/CslupqO3p7izsAuG3TlKg9mhE6mGJ42iUADsSMJIV5IOKd9AsLG33QCAY7SWs6NDO2giM/rq7bUTNlQ==}
    engines: {node: '>=22'}
    peerDependencies:
      zod: ^3.25.76 || ^4.1.8

  '@ai-sdk/provider-utils@5.0.43':
    resolution: {integrity: sha512-gw/bcNseOGSs59TMtV4H1KwqXXe24NHgx+uBYr98pa4Fg6Uvp8hPPxjuckVnfFFyIxHCDew8so0ujpvcSuyMZA==}
    engines: {node: '>=22'}
    peerDependencies:
      zod: ^3.25.76 || ^4.1.8

  '@ai-sdk/provider@4.0.17':
    resolution: {integrity: sha512-VYMBxIQdcHqbIf1j+YZlI9Ati6LZ4wJe0GGd4z4a5H/KxTggjeOiyaVYTnfF7LHZK5jMQ+rofmzz4QPqf++NUw==}
    engines: {node: '>=22'}

  '@borewit/text-codec@0.2.2':
    resolution: {integrity: sha512-DDaRehssg1aNrH4+2hnj1B7vnUGEjU6OIlyRdkMd0aUdIUvKXrJfXsy8LVtXAy7DRvYVluWbMspsRhz2lcW0mQ==}

  '@jitl/quickjs-ffi-types@0.32.0':
    resolution: {integrity: sha512-v9T+GQpmk43VDJ7d72sf0Nexhk+ArvtUihW27dy7lqAl0zBObFKtSBBIm5RBjwIhE8VwsPPm9PNuvPvNqLWUEg==}

  '@jitl/quickjs-wasmfile-debug-asyncify@0.32.0':
    resolution: {integrity: sha512-EX8zbXwGqCgAE764M+qvkHtyXDi/FUoMBea0JnES7vCM3P7a2+EOZOjGv85wtZ2sJhI1oJ+nekmqpOODFDY+hw==}

  '@jitl/quickjs-wasmfile-debug-sync@0.32.0':
    resolution: {integrity: sha512-LeYWrPGC1uNCTBWvibo3ZLJj0CSVNYUXvJpXMCmuQ5Sap2cCACc3uvGvYV4homHHBAzfw5akoTqMMS4YFRtw+Q==}

  '@jitl/quickjs-wasmfile-release-asyncify@0.32.0':
    resolution: {integrity: sha512-3oSwPfja12ICz4aIblB58cuY8JlEq5Txt8Cut4VLo+LH47QN+mzCnSgnbB03hWzg1LBcc+VyyI9UOag7a1NF+Q==}

  '@jitl/quickjs-wasmfile-release-sync@0.32.0':
    resolution: {integrity: sha512-BKNDI/TPBfGlLNGYpLrhcDGXmIk4xHm4MRAisOBnOzpXVn9HZWsfmMAc9WMBrAHjvvds6HOikKeaOBKdPdpVrg==}

  '@mixmark-io/domino@2.2.0':
    resolution: {integrity: sha512-Y28PR25bHXUg88kCV7nivXrP2Nj2RueZ3/l/jdx6J9f8J4nsEGcgX0Qe6lt7Pa+J79+kPiJU3LguR6O/6zrLOw==}

  '@nodable/entities@3.0.0':
    resolution: {integrity: sha512-8L9xFeTYKhm49xfIypoe2W5wV1m/3Z58kT+7kR9A8OyFxcPduI4VmxaUMQyKYrRjUoLLSXv6EKKID5Tvj9cUVw==}

  '@oxc-project/types@0.151.0':
    resolution: {integrity: sha512-J1yXrIlNDZVzE3ada310xeAw7nH8yCAyLPuUIsjKatFPmfn5bS1oW+cM+QsGOtVWd5nhSpbwZWx/rue+r5Z+PA==}

  '@rolldown/binding-android-arm-eabi@1.2.10':
    resolution: {integrity: sha512-bp9svZb+QurZeh+8H4BhrZkifEB0YBNvTVzNSJnJQkj4NrRwmQoDUCGP0vSN7PbvLeM7l1tK6GXL8mrTiH2myg==}
    engines: {node: ^20.19.0 || >=22.12.0}
    cpu: [arm]
    os: [android]

  '@rolldown/binding-android-arm64@1.2.10':
    resolution: {integrity: sha512-wm6Dld3RXUAZ/gRWKyUy+4W1B5CB5UeFaOzsSWJWEdxZXHH8rCYiZ5dGe6oJmhsunAPWzL7FZV+VtvmN5Ye2eA==}
    engines: {node: ^20.19.0 || >=22.12.0}
    cpu: [arm64]
    os: [android]

  '@rolldown/binding-darwin-arm64@1.2.10':
    resolution: {integrity: sha512-UbEfXq/AqGNgRTV3ik+X/iR6mUxu2QdYAadwRxJWquUGnW6gDqdP1FtLtFXRow7RJx0ssRwi80XAPr4r+4DtsA==}
    engines: {node: ^20.19.0 || >=22.12.0}
    cpu: [arm64]
    os: [darwin]

  '@rolldown/binding-darwin-x64@1.2.10':
    resolution: {integrity: sha512-7f5h17q5KZVx/ji1vb8OTq31ch1O2I7K8NPIr44GkyWTApXMIsmhWqZfgpOH10xeauqghDAvGlZktasCkcF6Eg==}
    engines: {node: ^20.19.0 || >=22.12.0}
    cpu: [x64]
    os: [darwin]

  '@rolldown/binding-freebsd-x64@1.2.10':
    resolution: {integrity: sha512-ynOk/eEYhC6ZB2xCGvKrEOwE58oBy9LnrAqtkrDF9Fz1VTaNdGZTsV0VarJdhPwb+sOJTGjCLwcuyRJZ1dnMcQ==}
    engines: {node: ^20.19.0 || >=22.12.0}
    cpu: [x64]
    os: [freebsd]

  '@rolldown/binding-linux-arm-gnueabihf@1.2.10':
    resolution: {integrity: sha512-ERrAs185meZZhGan7a4l3RiiJK1ArSDlHdST++uvSxe+FDbR4TwUPahT/cbZJvaG6fIpDpF78surN+tX708Y4Q==}
    engines: {node: ^20.19.0 || >=22.12.0}
    cpu: [arm]
    os: [linux]

  '@rolldown/binding-linux-arm64-gnu@1.2.10':
    resolution: {integrity: sha512-KN7OHKD0J3jy1UzBwZWPxpwhODf9IARUIJcrH+yLYKOcmegZ8luEUM38lDP1bDVj40yP6PsSzCqOJF76vljFnQ==}
    engines: {node: ^20.19.0 || >=22.12.0}
    cpu: [arm64]
    os: [linux]
    libc: [glibc]

  '@rolldown/binding-linux-arm64-musl@1.2.10':
    resolution: {integrity: sha512-8l9wP8O+wa8zD6iw6egSfzVtu7oZVfH3hlUsMM4MwbLMhxleqeoXbZzjddyK3YyNlwLhqznq3tF7PkNJ8T/V2w==}
    engines: {node: ^20.19.0 || >=22.12.0}
    cpu: [arm64]
    os: [linux]
    libc: [musl]

  '@rolldown/binding-linux-ppc64-gnu@1.2.10':
    resolution: {integrity: sha512-SeXNKeQzA5kLhz/J0CH6ZP0/HJ3v1xm/0YbiYpE0kK7emfRC2OIGGIaE14xzkISEGv2aYuUSpiLiU5Gbq+OI0A==}
    engines: {node: ^20.19.0 || >=22.12.0}
    cpu: [ppc64]
    os: [linux]
    libc: [glibc]

  '@rolldown/binding-linux-s390x-gnu@1.2.10':
    resolution: {integrity: sha512-mtht0nR+y8/hart4175Ll15w7lY8dg7CtQ+j2FDNTsDRspOWTK/2V3l0aj9sIj7XmvqxT8Yli/wq22e7feTTWg==}
    engines: {node: ^20.19.0 || >=22.12.0}
    cpu: [s390x]
    os: [linux]
    libc: [glibc]

  '@rolldown/binding-linux-x64-gnu@1.2.10':
    resolution: {integrity: sha512-FSM94nGd55NYo48usCyM/nHfUKRnqc9+b0vJNuKV0oCCpIp/OGims7rO1Nv/DkFkt0S/s2rxsJ2kkS8J3HcpeA==}
    engines: {node: ^20.19.0 || >=22.12.0}
    cpu: [x64]
    os: [linux]
    libc: [glibc]

  '@rolldown/binding-linux-x64-musl@1.2.10':
    resolution: {integrity: sha512-C3YxNB16myRLs7o+B+6PnQ6jBsdIS4+AE4Ah8glVGhDpEv9AOvxhZ/1duAb4B0UGczEK/lBbccksd8VI+p6zfw==}
    engines: {node: ^20.19.0 || >=22.12.0}
    cpu: [x64]
    os: [linux]
    libc: [musl]

  '@rolldown/binding-openharmony-arm64@1.2.10':
    resolution: {integrity: sha512-571TlE/F1eeTjjdjYAMMMPs1Mfv3MtX6s3+ZKVU6HiUjZ5Njc6c/qzNy/8K3zALTZnaw3JQVYrHxvNfjm43KAg==}
    engines: {node: ^20.19.0 || >=22.12.0}
    cpu: [arm64]
    os: [openharmony]

  '@rolldown/binding-win32-arm64-msvc@1.2.10':
    resolution: {integrity: sha512-QXW+ZWaiqs2c7Fi++D/SsW07LTPcUrncxcskJGfGNBoaLik1IU6fJymz4HsqwEO0u5Iq11yTO0B/mc4cPk7jrQ==}
    engines: {node: ^20.19.0 || >=22.12.0}
    cpu: [arm64]
    os: [win32]

  '@rolldown/binding-win32-x64-msvc@1.2.10':
    resolution: {integrity: sha512-5FQFGgah17YeMtG1Yd5a+rMxQpTksyNXxRtKz06FVTaQw3RKYUJQbUoKk0/5jrXBpDo+7makNP7UHA2LQyH64A==}
    engines: {node: ^20.19.0 || >=22.12.0}
    cpu: [x64]
    os: [win32]

  '@rolldown/pluginutils@1.0.1':
    resolution: {integrity: sha512-2j9bGt5Jh8hj+vPtgzPtl72j0yRxHAyumoo6TNfAjsLB04UtpSvPbPcDcBMxz7n+9CYB0c1GxQFxYRg2jimqGw==}

  '@standard-schema/spec@1.1.0':
    resolution: {integrity: sha512-l2aFy5jALhniG5HgqrD6jXLi/rUWrKvqN/qJx6yoJsgKhblVd+iqqU4RCXavm/jPityDo5TCvKMnpjKnOriy0w==}

  '@tokenizer/inflate@0.4.1':
    resolution: {integrity: sha512-2mAv+8pkG6GIZiF1kNg1jAjh27IDxEPKwdGul3snfztFerfPGI1LjDezZp3i7BElXompqEtPmoPx6c2wgtWsOA==}
    engines: {node: '>=18'}

  '@tokenizer/token@0.3.0':
    resolution: {integrity: sha512-OvjF+z51L3ov0OyAU0duzsYuvO01PH7x4t6DJx+guahgTnBHkhJdG7soQeTSFLWN3efnHyibZ4Z8l2EuWwJN3A==}

  '@types/node@24.0.0':
    resolution: {integrity: sha512-yZQa2zm87aRVcqDyH5+4Hv9KYgSdgwX1rFnGvpbzMaC7YAljmhBET93TPiTd3ObwTL+gSpIzPKg5BqVxdCvxKg==}

  '@vercel/oidc@3.2.0':
    resolution: {integrity: sha512-UycprH3T6n3jH0k44NHMa7pnFHGu/N05MjojYr+Mc6I7obkoLIJujSWwin1pCvdy/eOxrI/l3uDLQsmcrOb4ug==}
    engines: {node: '>= 20'}

  '@workflow/serde@4.1.0':
    resolution: {integrity: sha512-pav4F2BoirECWR7Nf1TKt+2eETcBj7jj4cBefQ8VXQCA6NPkaKeLfj/zMgi+3zYV5ZIBT4GuUiphsj0/b9hPQQ==}

  ai@7.0.105:
    resolution: {integrity: sha512-gkV3W+tTtWwQ41KNV/KjV8wabBrk+bnbnZ3f0AWp/T9LLyljose8uhFViKleVy7tIdEiR2PiS4BpbNdcExf7rQ==}
    engines: {node: '>=22'}
    peerDependencies:
      zod: ^3.25.76 || ^4.1.8

  anynum@1.0.1:
    resolution: {integrity: sha512-N6//FLET/tXYNM/F6ABca1oH6fWB+KlTt909Le28WMDBk8oaT4vY17DCrwg2MvmuqUKt3Ni4N5dGJ/EoBgcO6A==}

  balanced-match@4.0.4:
    resolution: {integrity: sha512-BLrgEcRTwX2o6gGxGOCNyMvGSp35YofuYzw9h1IMTRmKqttAZZVU67bdb9Pr2vUHA8+j3i2tJfjO6C6+4myGTA==}
    engines: {node: 18 || 20 || >=22}

  brace-expansion@5.0.12:
    resolution: {integrity: sha512-YovQ3rzhaLMIrDjNDMkNS01tea93qhEhG5xy8f6+R0l+dw3Ki+5sCoIoI942iuLZTHWogWktgwVDhU09iNEimQ==}
    engines: {node: 20 || >=22}

  commander@6.2.1:
    resolution: {integrity: sha512-U7VdrJFnJgo4xjrHpTzu0yrHPGImdsmD95ZlgYSEajAn2JKzDhDTPG9kBTefmObL2w/ngeZnilk+OV9CG3d7UA==}
    engines: {node: '>= 6'}

  consola@3.4.2:
    resolution: {integrity: sha512-5IKcdX0nnYavi6G7TtOhwkYzyjfJlatbjMjuLSfE2kYT5pMDOilZ4OvMhi637CcDICTmz3wARPoyhqyX1Y+XvA==}
    engines: {node: ^14.18.0 || >=16.10.0}

  crossws@0.4.12:
    resolution: {integrity: sha512-aypfsr6t0uNvkqaZc6zvBfXzC6pLI0/sIulpkV6RwCVtZqG5ebBzv4weImKK0VNCj91Wl9F5j7p5WU4MNrybng==}
    peerDependencies:
      srvx: '>=0.11.5'
    peerDependenciesMeta:
      srvx:
        optional: true

  db0@0.4.1:
    resolution: {integrity: sha512-6RBY/bSn42UrqATwsiULj2uYFyEykB3XeA/NLIVQeHNXlYV6D4Idxx3/aa6k5Y45Dwzx7sygeLotnqHWSeURYA==}

  debug@4.4.3:
    resolution: {integrity: sha512-RGwwWnwQvkVfavKVt22FGLw+xYSdzARwm0ru6DhTVA3umU5hZc28V3kO4stgYryrTlLpuvgI9GiijltAjNbcqA==}
    engines: {node: '>=6.0'}
    peerDependencies:
      supports-color: '*'
    peerDependenciesMeta:
      supports-color:
        optional: true

  diff@8.0.4:
    resolution: {integrity: sha512-DPi0FmjiSU5EvQV0++GFDOJ9ASQUVFh5kD+OzOnYdi7n3Wpm9hWWGfB/O2blfHcMVTL5WkQXSnRiK9makhrcnw==}
    engines: {node: '>=0.3.1'}

  env-runner@0.2.3:
    resolution: {integrity: sha512-S8EFBKyznRwPVwayK187cYjvnpgC92xy+q0BIF++V965pfjMVVRbQ/HoTYGA/1EHmZ7E68k6Heq+4WnvVhOL5w==}
    hasBin: true

  eve@0.68.0:
    resolution: {integrity: sha512-1cvxOdbfESdhZjAdhjUwFJSx0B6uWkbaEvwmau6vNhHNX9A+SZaathd79acDzQNYbOa+5WjsypOx4wa8KjKtgQ==}
    engines: {node: '>=24'}
    hasBin: true
    peerDependencies:
      '@opentelemetry/api': ^1.0.0
      ai: ^7.0.105
      braintrust: ^3.0.0
      chat: ^4.41.0
      dd-trace: ^6.13.0
      just-bash: ^3.1.0
      microsandbox: ^0.5.0
    peerDependenciesMeta:
      '@opentelemetry/api':
        optional: true
      braintrust:
        optional: true
      chat:
        optional: true
      dd-trace:
        optional: true
      just-bash:
        optional: true
      microsandbox:
        optional: true

  eventsource-parser@3.1.1:
    resolution: {integrity: sha512-EKN1vKAMcZ8MlYMpaNuxN6R9yakzH6uajHcHVTqWJzvu5pWw9DyhbP35HH8MVBQ+dZjAfDxk+A8NiR9KWaXiyQ==}
    engines: {node: '>=18.0.0'}

  exsolve@1.1.1:
    resolution: {integrity: sha512-9U/jZUgjnSGyntRr6y5Muu1MJcwFl6kPu7k8qLF0IMNfLqvw0NZ4nnVDq0RVoZ0RvCyumib4Ez3KYrVfilrw+g==}

  fast-xml-builder@1.3.1:
    resolution: {integrity: sha512-pIM/1n3ntFXKYrUZwW7QCK0gAW7XY+wzj1YMIV3tLDvPj/V+zTGJK5e3/4WJfwj0qWw2ElNXiTixda/R+3YSug==}

  fast-xml-parser@5.11.1:
    resolution: {integrity: sha512-TBw6K/fxoQGGjCmZDw9w/ZwP3uDcnTM4YH/g+PFRWr8sbe5idXtxNN6vITh4+1ruCZaho6uBFurElsA7F0zzgw==}
    hasBin: true

  file-type@21.3.4:
    resolution: {integrity: sha512-Ievi/yy8DS3ygGvT47PjSfdFoX+2isQueoYP1cntFW1JLYAuS4GD7NUPGg4zv2iZfV52uDyk5w5Z0TdpRS6Q1g==}
    engines: {node: '>=20'}

  h3@2.0.1-rc.32:
    resolution: {integrity: sha512-Epg1E85L8yIKd9UeAQAVdm6QVrnHbppMsQ641EjpNi4c0IlAg+PJlwp4Xw03Z1loRXPQaH9k64gJT5qDELqm+g==}
    engines: {node: '>=20.11.1'}
    hasBin: true
    peerDependencies:
      crossws: ^0.4.12
      ocache: '>=0.3.0'
    peerDependenciesMeta:
      crossws:
        optional: true
      ocache:
        optional: true

  hookable@6.1.1:
    resolution: {integrity: sha512-U9LYDy1CwhMCnprUfeAZWZGByVbhd54hwepegYTK7Pi5NvqEj63ifz5z+xukznehT7i6NIZRu89Ay1AZmRsLEQ==}

  httpxy@0.5.5:
    resolution: {integrity: sha512-uDjmnPyp1q4Sgzf3w+J/Fc6UqcCEj0x4Wjp7OqK5dGhNeDgpyrAmnS6ey8QWrX3SWDon2DMKf9sBa5X9+CVyMA==}

  ieee754@1.2.1:
    resolution: {integrity: sha512-dcyqhDvX1C46lXZcVqCpK+FtMRQVdIMN6/Df5js2zouUsqG7I6sFxitIC+7KYK29KdXOLHdu9zL4sFnoVQnqaA==}

  ini@6.0.0:
    resolution: {integrity: sha512-IBTdIkzZNOpqm7q3dRqJvMaldXjDHWkEDfrwGEQTs5eaQMWV+djAhR+wahyNNMAa+qpbDUhBMVt4ZKNwpPm7xQ==}
    engines: {node: ^20.17.0 || >=22.9.0}

  is-unsafe@2.0.2:
    resolution: {integrity: sha512-HgbIHPBH0KHHCcjLfGsCvhtPTVxjaAZlXjwdz7/GQC40SjSe4sfQsar8J5VFo8JOSbarkpV0OLG95bbaNd9aAQ==}

  json-schema@0.4.0:
    resolution: {integrity: sha512-es94M3nTIfsEPisRafak+HDLfHXnKBhV3vU5eqPcS3flIWqcxJWgXHXiey3YrpaNsanY5ei1VoYEbOzijuq9BA==}

  just-bash@3.4.2:
    resolution: {integrity: sha512-T0Vpy7YRgCjxJdqG3tkxn0ZnIDLJvVwb8hH4L+6NVdp+Te27jQxjxnszW9ODjEKbWxWujj83rP5S0GQxCSufgg==}
    engines: {node: '>=20.18.1'}
    hasBin: true

  minimatch@10.2.6:
    resolution: {integrity: sha512-vpLQEs+VLCr1nU0BXS07maYoFwlDAH0gngQuuttxIwutDFEMHq2blX+8vpgxDdK3J1PwjCJiep77OitTZ4Ll1A==}
    engines: {node: 18 || 20 || >=22}

  modern-tar@0.7.7:
    resolution: {integrity: sha512-t9VmxaqrmANnEOBhpSDI6HD192Ge48k8vmWqQQL7hSFEqHEYwZbbsu49+aKLWZeRvFs3j1pMhXOqqF4kPlvjkQ==}
    engines: {node: '>=18.0.0'}

  ms@2.1.3:
    resolution: {integrity: sha512-6FlzubTLZG3J2a/NVCAleEhjzq5oxgHyaCU9yYXvcLsvoVaHJq/s5xXI6/XXP6tz7R9xAOtHnSO/tXtF3WRTlA==}

  nf3@0.3.24:
    resolution: {integrity: sha512-HxLK4bo+5jNsEETZp4w3tJblHOA9MCBY14IN9nZJJV8JDxt9yNIYxuBuLMjTAR5GFa3HL61+8VQDUrXv3/C8fw==}

  nitro@3.0.260903-beta:
    resolution: {integrity: sha512-54gANPi62O8rfMvepiJUVuIzEIinYfpeHbebywlLxvVTgIYXDwSvpaU9Id+0sJOBjBx0wC1/CVYXJkH7SY+l0g==}
    engines: {node: ^20.19.0 || >=22.12.0}
    hasBin: true

  ocache@0.3.0:
    resolution: {integrity: sha512-RS/9P0zeBb0gDJmadGERLH8lZNXK7xbufTDhclkXGvFGTsj0G4M5/cLk+mizcERH29mLXNnocfB5wjcK70wGJg==}

  papaparse@5.7.0:
    resolution: {integrity: sha512-qBGxg/7Q3Kl9Wfhrz2Z74UnvnHTXLNG6jmKJFeBvP2+y4lV7So+7SR62+Zd47JvdrCkX+nDcnr0ObPzek/+6RA==}

  path-expression-matcher@1.6.2:
    resolution: {integrity: sha512-enSlaiat05iasnzmgNxRj8reFdj3puY2QpNgP1aPIaVfT6nn9ICuPoFlKHk8EN22HcwewshO+mN2DGbkCEOtqQ==}
    engines: {node: '>=14.0.0'}

  pathe@2.0.3:
    resolution: {integrity: sha512-WUjGcAqP1gQacoQe+OBJsFA7Ld4DyXuUIjZ5cc75cLHvJ7dtNsTugphxIADwspS+AraAUePCKrSVtPLFj/F88w==}

  quickjs-emscripten-core@0.32.0:
    resolution: {integrity: sha512-QFnPfjFey8EqknSrSxe1hZrf1/8z7/6s1QzGOmKo6++02r7QRRX7ZoyNaZh7JuVjWsVW87KnQrbZqnHkOAzUyg==}

  quickjs-emscripten@0.32.0:
    resolution: {integrity: sha512-So0Sqw869y/S2oE3Nuc0uT3Dhqgvsj8FSrwBdsuTosVsG8ME5/OcudU1GxsrIFdFABgy17GHnTVO9TYV/bLQcA==}
    engines: {node: '>=16.0.0'}

  re2js@1.3.3:
    resolution: {integrity: sha512-s/I5zEAo79SUK0Qw4dpZKpiMwbQ6Gz0KU2NRr7eaO4x/p2g7Vvmn3hdeXDg8VsaUjfj/ora+e9oi27LX/C9+mw==}

  rolldown@1.2.10:
    resolution: {integrity: sha512-OxkA08pSryMK7B3XiFA09B4OJ1xJMPgIYCBMY2xchzpqgBGsV1o0DetPAE+Sl3N3L4oCPiEzmHVSOj7iR04Zog==}
    engines: {node: ^20.19.0 || >=22.12.0}
    hasBin: true

  rou3@0.9.2:
    resolution: {integrity: sha512-3SOzvaAg8rkHrXtRjpCvCvbyO5to9oOO27Z/XqHEYXfMRVSw/qMIVdmaOk9W2lcRLtR6dlqTjo9hDeJk70QBYQ==}

  seek-bzip@2.0.0:
    resolution: {integrity: sha512-SMguiTnYrhpLdk3PwfzHeotrcwi8bNV4iemL9tx9poR/yeaMYwB9VzR1w7b57DuWpuqR8n6oZboi0hj3AxZxQg==}
    hasBin: true

  smol-toml@1.9.0:
    resolution: {integrity: sha512-hpd+HLON7HdZXqYchMM/+LaTTbdK0AU3NngIJ4KVyWbY9bfQqdL9cD+4yf6dUoU2Ap4VsU0JkQi6FxAI1B2mXQ==}
    engines: {node: '>= 18'}

  sprintf-js@1.1.3:
    resolution: {integrity: sha512-Oo+0REFV59/rz3gfJNKQiBlwfHaSESl1pcGyABQsnnIfWOFt6JNj5gCog2U6MLZ//IGYD+nA8nI+mTShREReaA==}

  sql.js@1.14.2:
    resolution: {integrity: sha512-3ZGPovObMFrdw79zrUHbfdE/DLIsy8jdNdssmMSQuRAymedU6q84asPt0kgiqrdMYlPegDItiIMfmIXzZnYFcw==}

  srvx@1.0.5:
    resolution: {integrity: sha512-KvSKRpgPG/oaq3cyT614OQ2bAa7DynuGamivCZeoZzIUULOdbQz6wUtnnVuC4+DCx2Zglzo8v5gBYmWIWYhDxA==}
    engines: {node: '>=20.16.0'}
    hasBin: true

  strnum@2.4.2:
    resolution: {integrity: sha512-rDG3Ah4TV0k1hWvLSzkZtMmLN9+eS+h3knq4MP6A42Y3Yh5qGNnOUs1jJkoSr8FG5dsL28c7KgkIBzSEykqtuw==}

  strtok3@10.3.5:
    resolution: {integrity: sha512-ki4hZQfh5rX0QDLLkOCj+h+CVNkqmp/CMf8v8kZpkNVK6jGQooMytqzLZYUVYIZcFZ6yDB70EfD8POcFXiF5oA==}
    engines: {node: '>=18'}

  token-types@6.1.2:
    resolution: {integrity: sha512-dRXchy+C0IgK8WPC6xvCHFRIWYUbqqdEIKPaKo/AcTUNzwLTK6AH7RjdLWsEZcAN/TBdtfUw3PYEgPr5VPr6ww==}
    engines: {node: '>=14.16'}

  turndown@7.2.4:
    resolution: {integrity: sha512-I8yFsfRzmzK0WV1pNNOA4A7y4RDfFxPRxb3t+e3ui14qSGOxGtiSP6GjeX+Y6CHb7HYaFj7ECUD7VE5kQMZWGQ==}
    engines: {node: '>=18', npm: '>=9'}

  typescript@5.9.3:
    resolution: {integrity: sha512-jl1vZzPDinLr9eUt3J/t7V6FgNEw9QjvBPdysz9KfQDD41fQrC2Y4vKQdiaUpFT4bXlb1RHhLpp8wtm6M5TgSw==}
    engines: {node: '>=14.17'}
    hasBin: true

  uint8array-extras@1.6.0:
    resolution: {integrity: sha512-8iAasVS4wUx0gPLjH8Xtz2PeDzTSiy8QiLGu2DT3X5GU+egFEQhpnbtkehbAwjvDcxIERmCYcysiODFmE3Ud0Q==}
    engines: {node: '>=18'}

  undici-types@7.8.0:
    resolution: {integrity: sha512-9UJ2xGDvQ43tYyVMpuHlsgApydB8ZKfVYTsLDhXkFL/6gfkp+U8xTGdh8pMJv1SpZna0zxG1DwsKZsreLbXBxw==}

  undici@7.29.0:
    resolution: {integrity: sha512-IDxfleLmmbSskfWSUATiN1nfn2rDuvnMOqb5CWR92iIfojA0Ud+ulOAAEQ57LPr9rWmsreUyf5lwyao+7GNNVw==}
    engines: {node: '>=20.18.1'}

  undici@8.9.0:
    resolution: {integrity: sha512-aWZpUj7XoGonMClx4gdDRfgBjqeA+F473aDmROQQbM9n6PRfK/u1q/a0X4wMTgcHfT8H6fpbt98PFuDUwFg2YA==}
    engines: {node: '>=22.19.0'}

  unenv@2.0.0-rc.24:
    resolution: {integrity: sha512-i7qRCmY42zmCwnYlh9H2SvLEypEFGye5iRmEMKjcGi7zk9UquigRjFtTLz0TYqr0ZGLZhaMHl/foy1bZR+Cwlw==}

  unstorage@2.0.0-alpha.10:
    resolution: {integrity: sha512-6h1veZp8gnp4dGllf0tDijoXxDYymJu251IpKKkrSVH+QHL6tXFbwG85KM+CBHSgpkkgtPuIiZ9oLCLP5+1Evw==}

  xml-naming@0.3.0:
    resolution: {integrity: sha512-ghig2TBE/H11aOVgmahA3MhimvkBr6JIYknH/Dhdk10nXwdbIqBJsbfMxpvFPG8bAw77gN29aQWvKpmVoPlvPQ==}
    engines: {node: '>=16.0.0'}

  yaml@2.9.1:
    resolution: {integrity: sha512-3NxN8+78OdzbT7C/WjGsyfPAtJaN3FNDsWxv7Y7mcDsT/oOmgW8BpyQQFFBnvZE3j9Y2Sdz1ULFLezL7Eb2yFw==}
    engines: {node: '>= 14.6'}
    hasBin: true

  zod@4.5.4:
    resolution: {integrity: sha512-sC95tT5iHHH9gtpj6A81kh+NEaRAUFN+qlUPDUbRfOMvNf5QCBqsb3WgvnpVtK5Y+4UfA6KqufotuTvMGiTlsA==}

ignoredOptionalDependencies:
  - '@mongodb-js/zstd'
  - node-liblzma

snapshots:

  '@ai-sdk/gateway@4.0.85(zod@4.5.4)':
    dependencies:
      '@ai-sdk/provider': 4.0.17
      '@ai-sdk/provider-utils': 5.0.43(zod@4.5.4)
      '@vercel/oidc': 3.2.0
      zod: 4.5.4

  '@ai-sdk/provider-utils@5.0.43(zod@4.5.4)':
    dependencies:
      '@ai-sdk/provider': 4.0.17
      '@standard-schema/spec': 1.1.0
      '@workflow/serde': 4.1.0
      eventsource-parser: 3.1.1
      undici: 7.29.0
      zod: 4.5.4

  '@ai-sdk/provider@4.0.17':
    dependencies:
      json-schema: 0.4.0

  '@borewit/text-codec@0.2.2': {}

  '@jitl/quickjs-ffi-types@0.32.0': {}

  '@jitl/quickjs-wasmfile-debug-asyncify@0.32.0':
    dependencies:
      '@jitl/quickjs-ffi-types': 0.32.0

  '@jitl/quickjs-wasmfile-debug-sync@0.32.0':
    dependencies:
      '@jitl/quickjs-ffi-types': 0.32.0

  '@jitl/quickjs-wasmfile-release-asyncify@0.32.0':
    dependencies:
      '@jitl/quickjs-ffi-types': 0.32.0

  '@jitl/quickjs-wasmfile-release-sync@0.32.0':
    dependencies:
      '@jitl/quickjs-ffi-types': 0.32.0

  '@mixmark-io/domino@2.2.0': {}

  '@nodable/entities@3.0.0': {}

  '@oxc-project/types@0.151.0': {}

  '@rolldown/binding-android-arm-eabi@1.2.10':
    optional: true

  '@rolldown/binding-android-arm64@1.2.10':
    optional: true

  '@rolldown/binding-darwin-arm64@1.2.10':
    optional: true

  '@rolldown/binding-darwin-x64@1.2.10':
    optional: true

  '@rolldown/binding-freebsd-x64@1.2.10':
    optional: true

  '@rolldown/binding-linux-arm-gnueabihf@1.2.10':
    optional: true

  '@rolldown/binding-linux-arm64-gnu@1.2.10':
    optional: true

  '@rolldown/binding-linux-arm64-musl@1.2.10':
    optional: true

  '@rolldown/binding-linux-ppc64-gnu@1.2.10':
    optional: true

  '@rolldown/binding-linux-s390x-gnu@1.2.10':
    optional: true

  '@rolldown/binding-linux-x64-gnu@1.2.10':
    optional: true

  '@rolldown/binding-linux-x64-musl@1.2.10':
    optional: true

  '@rolldown/binding-openharmony-arm64@1.2.10':
    optional: true

  '@rolldown/binding-win32-arm64-msvc@1.2.10':
    optional: true

  '@rolldown/binding-win32-x64-msvc@1.2.10':
    optional: true

  '@rolldown/pluginutils@1.0.1': {}

  '@standard-schema/spec@1.1.0': {}

  '@tokenizer/inflate@0.4.1':
    dependencies:
      debug: 4.4.3
      token-types: 6.1.2
    transitivePeerDependencies:
      - supports-color

  '@tokenizer/token@0.3.0': {}

  '@types/node@24.0.0':
    dependencies:
      undici-types: 7.8.0

  '@vercel/oidc@3.2.0': {}

  '@workflow/serde@4.1.0': {}

  ai@7.0.105(zod@4.5.4):
    dependencies:
      '@ai-sdk/gateway': 4.0.85(zod@4.5.4)
      '@ai-sdk/provider': 4.0.17
      '@ai-sdk/provider-utils': 5.0.43(zod@4.5.4)
      zod: 4.5.4

  anynum@1.0.1: {}

  balanced-match@4.0.4: {}

  brace-expansion@5.0.12:
    dependencies:
      balanced-match: 4.0.4

  commander@6.2.1: {}

  consola@3.4.2: {}

  crossws@0.4.12(srvx@1.0.5):
    optionalDependencies:
      srvx: 1.0.5

  db0@0.4.1: {}

  debug@4.4.3:
    dependencies:
      ms: 2.1.3

  diff@8.0.4: {}

  env-runner@0.2.3:
    dependencies:
      crossws: 0.4.12(srvx@1.0.5)
      exsolve: 1.1.1
      httpxy: 0.5.5
      srvx: 1.0.5

  eve@0.68.0(ai@7.0.105(zod@4.5.4))(just-bash@3.4.2):
    dependencies:
      ai: 7.0.105(zod@4.5.4)
      nitro: 3.0.260903-beta
      undici: 8.9.0
    optionalDependencies:
      just-bash: 3.4.2

  eventsource-parser@3.1.1: {}

  exsolve@1.1.1: {}

  fast-xml-builder@1.3.1:
    dependencies:
      path-expression-matcher: 1.6.2
      xml-naming: 0.3.0

  fast-xml-parser@5.11.1:
    dependencies:
      '@nodable/entities': 3.0.0
      fast-xml-builder: 1.3.1
      is-unsafe: 2.0.2
      path-expression-matcher: 1.6.2
      strnum: 2.4.2
      xml-naming: 0.3.0

  file-type@21.3.4:
    dependencies:
      '@tokenizer/inflate': 0.4.1
      strtok3: 10.3.5
      token-types: 6.1.2
      uint8array-extras: 1.6.0
    transitivePeerDependencies:
      - supports-color

  h3@2.0.1-rc.32(crossws@0.4.12(srvx@1.0.5))(ocache@0.3.0):
    dependencies:
      rou3: 0.9.2
      srvx: 1.0.5
    optionalDependencies:
      crossws: 0.4.12(srvx@1.0.5)
      ocache: 0.3.0

  hookable@6.1.1: {}

  httpxy@0.5.5: {}

  ieee754@1.2.1: {}

  ini@6.0.0: {}

  is-unsafe@2.0.2: {}

  json-schema@0.4.0: {}

  just-bash@3.4.2:
    dependencies:
      diff: 8.0.4
      fast-xml-parser: 5.11.1
      file-type: 21.3.4
      ini: 6.0.0
      minimatch: 10.2.6
      modern-tar: 0.7.7
      papaparse: 5.7.0
      quickjs-emscripten: 0.32.0
      re2js: 1.3.3
      seek-bzip: 2.0.0
      smol-toml: 1.9.0
      sprintf-js: 1.1.3
      sql.js: 1.14.2
      turndown: 7.2.4
      undici: 7.29.0
      yaml: 2.9.1
    transitivePeerDependencies:
      - supports-color

  minimatch@10.2.6:
    dependencies:
      brace-expansion: 5.0.12

  modern-tar@0.7.7: {}

  ms@2.1.3: {}

  nf3@0.3.24: {}

  nitro@3.0.260903-beta:
    dependencies:
      consola: 3.4.2
      crossws: 0.4.12(srvx@1.0.5)
      db0: 0.4.1
      env-runner: 0.2.3
      h3: 2.0.1-rc.32(crossws@0.4.12(srvx@1.0.5))(ocache@0.3.0)
      hookable: 6.1.1
      nf3: 0.3.24
      ocache: 0.3.0
      rolldown: 1.2.10
      rou3: 0.9.2
      srvx: 1.0.5
      unenv: 2.0.0-rc.24
      unstorage: 2.0.0-alpha.10

  ocache@0.3.0: {}

  papaparse@5.7.0: {}

  path-expression-matcher@1.6.2: {}

  pathe@2.0.3: {}

  quickjs-emscripten-core@0.32.0:
    dependencies:
      '@jitl/quickjs-ffi-types': 0.32.0

  quickjs-emscripten@0.32.0:
    dependencies:
      '@jitl/quickjs-wasmfile-debug-asyncify': 0.32.0
      '@jitl/quickjs-wasmfile-debug-sync': 0.32.0
      '@jitl/quickjs-wasmfile-release-asyncify': 0.32.0
      '@jitl/quickjs-wasmfile-release-sync': 0.32.0
      quickjs-emscripten-core: 0.32.0

  re2js@1.3.3: {}

  rolldown@1.2.10:
    dependencies:
      '@oxc-project/types': 0.151.0
      '@rolldown/pluginutils': 1.0.1
    optionalDependencies:
      '@rolldown/binding-android-arm-eabi': 1.2.10
      '@rolldown/binding-android-arm64': 1.2.10
      '@rolldown/binding-darwin-arm64': 1.2.10
      '@rolldown/binding-darwin-x64': 1.2.10
      '@rolldown/binding-freebsd-x64': 1.2.10
      '@rolldown/binding-linux-arm-gnueabihf': 1.2.10
      '@rolldown/binding-linux-arm64-gnu': 1.2.10
      '@rolldown/binding-linux-arm64-musl': 1.2.10
      '@rolldown/binding-linux-ppc64-gnu': 1.2.10
      '@rolldown/binding-linux-s390x-gnu': 1.2.10
      '@rolldown/binding-linux-x64-gnu': 1.2.10
      '@rolldown/binding-linux-x64-musl': 1.2.10
      '@rolldown/binding-openharmony-arm64': 1.2.10
      '@rolldown/binding-win32-arm64-msvc': 1.2.10
      '@rolldown/binding-win32-x64-msvc': 1.2.10

  rou3@0.9.2: {}

  seek-bzip@2.0.0:
    dependencies:
      commander: 6.2.1

  smol-toml@1.9.0: {}

  sprintf-js@1.1.3: {}

  sql.js@1.14.2: {}

  srvx@1.0.5: {}

  strnum@2.4.2:
    dependencies:
      anynum: 1.0.1

  strtok3@10.3.5:
    dependencies:
      '@tokenizer/token': 0.3.0

  token-types@6.1.2:
    dependencies:
      '@borewit/text-codec': 0.2.2
      '@tokenizer/token': 0.3.0
      ieee754: 1.2.1

  turndown@7.2.4:
    dependencies:
      '@mixmark-io/domino': 2.2.0

  typescript@5.9.3: {}

  uint8array-extras@1.6.0: {}

  undici-types@7.8.0: {}

  undici@7.29.0: {}

  undici@8.9.0: {}

  unenv@2.0.0-rc.24:
    dependencies:
      pathe: 2.0.3

  unstorage@2.0.0-alpha.10: {}

  xml-naming@0.3.0: {}

  yaml@2.9.1: {}

  zod@4.5.4: {}
